// !$*UTF8*$!
{
	archiveVersion = 1;
	classes = {
	};
	objectVersion = 46;
	objects = {

/* Begin PBXBuildFile section */
		2FD38BD1142DCA220088D660 /* UIKit.framework in Frameworks */ = {isa = PBXBuildFile; fileRef = 2FD38BD0142DCA220088D660 /* UIKit.framework */; };
		2FD38BD3142DCA220088D660 /* Foundation.framework in Frameworks */ = {isa = PBXBuildFile; fileRef = 2FD38BD2142DCA220088D660 /* Foundation.framework */; };
		2FD38BD5142DCA220088D660 /* CoreGraphics.framework in Frameworks */ = {isa = PBXBuildFile; fileRef = 2FD38BD4142DCA220088D660 /* CoreGraphics.framework */; };
		2FD38BDB142DCA230088D660 /* InfoPlist.strings in Resources */ = {isa = PBXBuildFile; fileRef = 2FD38BD9142DCA230088D660 /* InfoPlist.strings */; };
		2FD38BDD142DCA230088D660 /* main.m in Sources */ = {isa = PBXBuildFile; fileRef = 2FD38BDC142DCA230088D660 /* main.m */; };
		2FD38BE1142DCA230088D660 /* imahimatabAppDelegate.m in Sources */ = {isa = PBXBuildFile; fileRef = 2FD38BE0142DCA230088D660 /* imahimatabAppDelegate.m */; };
		2FD38BE4142DCA230088D660 /* MainWindow.xib in Resources */ = {isa = PBXBuildFile; fileRef = 2FD38BE2142DCA230088D660 /* MainWindow.xib */; };
		2FD38BE7142DCA230088D660 /* FirstViewController.m in Sources */ = {isa = PBXBuildFile; fileRef = 2FD38BE6142DCA230088D660 /* FirstViewController.m */; };
		2FD38BEA142DCA230088D660 /* SecondViewController.m in Sources */ = {isa = PBXBuildFile; fileRef = 2FD38BE9142DCA230088D660 /* SecondViewController.m */; };
		2FD38BED142DCA230088D660 /* FirstView.xib in Resources */ = {isa = PBXBuildFile; fileRef = 2FD38BEB142DCA230088D660 /* FirstView.xib */; };
		2FD38BF0142DCA230088D660 /* SecondView.xib in Resources */ = {isa = PBXBuildFile; fileRef = 2FD38BEE142DCA230088D660 /* SecondView.xib */; };
		2FD38BF8142DCA230088D660 /* SenTestingKit.framework in Frameworks */ = {isa = PBXBuildFile; fileRef = 2FD38BF7142DCA230088D660 /* SenTestingKit.framework */; };
		2FD38BF9142DCA230088D660 /* UIKit.framework in Frameworks */ = {isa = PBXBuildFile; fileRef = 2FD38BD0142DCA220088D660 /* UIKit.framework */; };
		2FD38BFA142DCA230088D660 /* Foundation.framework in Frameworks */ = {isa = PBXBuildFile; fileRef = 2FD38BD2142DCA220088D660 /* Foundation.framework */; };
		2FD38BFB142DCA230088D660 /* CoreGraphics.framework in Frameworks */ = {isa = PBXBuildFile; fileRef = 2FD38BD4142DCA220088D660 /* CoreGraphics.framework */; };
		2FD38C03142DCA230088D660 /* InfoPlist.strings in Resources */ = {isa = PBXBuildFile; fileRef = 2FD38C01142DCA230088D660 /* InfoPlist.strings */; };
		2FD38C05142DCA230088D660 /* imahimatabTests.h in Resources */ = {isa = PBXBuildFile; fileRef = 2FD38C04142DCA230088D660 /* imahimatabTests.h */; };
		2FD38C07142DCA230088D660 /* imahimatabTests.m in Sources */ = {isa = PBXBuildFile; fileRef = 2FD38C06142DCA230088D660 /* imahimatabTests.m */; };
/* End PBXBuildFile section */

/* Begin PBXContainerItemProxy section */
		2FD38BFC142DCA230088D660 /* PBXContainerItemProxy */ = {
			isa = PBXContainerItemProxy;
			containerPortal = 2FD38BC3142DCA220088D660 /* Project object */;
			proxyType = 1;
			remoteGlobalIDString = 2FD38BCB142DCA220088D660;
			remoteInfo = imahimatab;
		};
/* End PBXContainerItemProxy section */

/* Begin PBXFileReference section */
		2FD38BCC142DCA220088D660 /* imahimatab.app */ = {isa = PBXFileReference; explicitFileType = wrapper.application; includeInIndex = 0; path = imahimatab.app; sourceTree = BUILT_PRODUCTS_DIR; };
		2FD38BD0142DCA220088D660 /* UIKit.framework */ = {isa = PBXFileReference; lastKnownFileType = wrapper.framework; name = UIKit.framework; path = System/Library/Frameworks/UIKit.framework; sourceTree = SDKROOT; };
		2FD38BD2142DCA220088D660 /* Foundation.framework */ = {isa = PBXFileReference; lastKnownFileType = wrapper.framework; name = Foundation.framework; path = System/Library/Frameworks/Foundation.framework; sourceTree = SDKROOT; };
		2FD38BD4142DCA220088D660 /* CoreGraphics.framework */ = {isa = PBXFileReference; lastKnownFileType = wrapper.framework; name = CoreGraphics.framework; path = System/Library/Frameworks/CoreGraphics.framework; sourceTree = SDKROOT; };
		2FD38BD8142DCA230088D660 /* imahimatab-Info.plist */ = {isa = PBXFileReference; lastKnownFileType = text.plist.xml; path = "imahimatab-Info.plist"; sourceTree = "<group>"; };
		2FD38BDA142DCA230088D660 /* en */ = {isa = PBXFileReference; lastKnownFileType = text.plist.strings; name = en; path = en.lproj/InfoPlist.strings; sourceTree = "<group>"; };
		2FD38BDC142DCA230088D660 /* main.m */ = {isa = PBXFileReference; lastKnownFileType = sourcecode.c.objc; path = main.m; sourceTree = "<group>"; };
		2FD38BDE142DCA230088D660 /* imahimatab-Prefix.pch */ = {isa = PBXFileReference; lastKnownFileType = sourcecode.c.h; path = "imahimatab-Prefix.pch"; sourceTree = "<group>"; };
		2FD38BDF142DCA230088D660 /* imahimatabAppDelegate.h */ = {isa = PBXFileReference; lastKnownFileType = sourcecode.c.h; path = imahimatabAppDelegate.h; sourceTree = "<group>"; };
		2FD38BE0142DCA230088D660 /* imahimatabAppDelegate.m */ = {isa = PBXFileReference; lastKnownFileType = sourcecode.c.objc; path = imahimatabAppDelegate.m; sourceTree = "<group>"; };
		2FD38BE3142DCA230088D660 /* en */ = {isa = PBXFileReference; lastKnownFileType = file.xib; name = en; path = en.lproj/MainWindow.xib; sourceTree = "<group>"; };
		2FD38BE5142DCA230088D660 /* FirstViewController.h */ = {isa = PBXFileReference; lastKnownFileType = sourcecode.c.h; path = FirstViewController.h; sourceTree = "<group>"; };
		2FD38BE6142DCA230088D660 /* FirstViewController.m */ = {isa = PBXFileReference; lastKnownFileType = sourcecode.c.objc; path = FirstViewController.m; sourceTree = "<group>"; };
		2FD38BE8142DCA230088D660 /* SecondViewController.h */ = {isa = PBXFileReference; lastKnownFileType = sourcecode.c.h; path = SecondViewController.h; sourceTree = "<group>"; };
		2FD38BE9142DCA230088D660 /* SecondViewController.m */ = {isa = PBXFileReference; lastKnownFileType = sourcecode.c.objc; path = SecondViewController.m; sourceTree = "<group>"; };
		2FD38BEC142DCA230088D660 /* en */ = {isa = PBXFileReference; lastKnownFileType = file.xib; name = en; path = en.lproj/FirstView.xib; sourceTree = "<group>"; };
		2FD38BEF142DCA230088D660 /* en */ = {isa = PBXFileReference; lastKnownFileType = file.xib; name = en; path = en.lproj/SecondView.xib; sourceTree = "<group>"; };
		2FD38BF6142DCA230088D660 /* imahimatabTests.octest */ = {isa = PBXFileReference; explicitFileType = wrapper.cfbundle; includeInIndex = 0; path = imahimatabTests.octest; sourceTree = BUILT_PRODUCTS_DIR; };
		2FD38BF7142DCA230088D660 /* SenTestingKit.framework */ = {isa = PBXFileReference; lastKnownFileType = wrapper.framework; name = SenTestingKit.framework; path = Library/Frameworks/SenTestingKit.framework; sourceTree = DEVELOPER_DIR; };
		2FD38C00142DCA230088D660 /* imahimatabTests-Info.plist */ = {isa = PBXFileReference; lastKnownFileType = text.plist.xml; path = "imahimatabTests-Info.plist"; sourceTree = "<group>"; };
		2FD38C02142DCA230088D660 /* en */ = {isa = PBXFileReference; lastKnownFileType = text.plist.strings; name = en; path = en.lproj/InfoPlist.strings; sourceTree = "<group>"; };
		2FD38C04142DCA230088D660 /* imahimatabTests.h */ = {isa = PBXFileReference; lastKnownFileType = sourcecode.c.h; path = imahimatabTests.h; sourceTree = "<group>"; };
		2FD38C06142DCA230088D660 /* imahimatabTests.m */ = {isa = PBXFileReference; lastKnownFileType = sourcecode.c.objc; path = imahimatabTests.m; sourceTree = "<group>"; };
/* End PBXFileReference section */

/* Begin PBXFrameworksBuildPhase section */
		2FD38BC9142DCA220088D660 /* Frameworks */ = {
			isa = PBXFrameworksBuildPhase;
			buildActionMask = 2147483647;
			files = (
				2FD38BD1142DCA220088D660 /* UIKit.framework in Frameworks */,
				2FD38BD3142DCA220088D660 /* Foundation.framework in Frameworks */,
				2FD38BD5142DCA220088D660 /* CoreGraphics.framework in Frameworks */,
			);
			runOnlyForDeploymentPostprocessing = 0;
		};
		2FD38BF2142DCA230088D660 /* Frameworks */ = {
			isa = PBXFrameworksBuildPhase;
			buildActionMask = 2147483647;
			files = (
				2FD38BF8142DCA230088D660 /* SenTestingKit.framework in Frameworks */,
				2FD38BF9142DCA230088D660 /* UIKit.framework in Frameworks */,
				2FD38BFA142DCA230088D660 /* Foundation.framework in Frameworks */,
				2FD38BFB142DCA230088D660 /* CoreGraphics.framework in Frameworks */,
			);
			runOnlyForDeploymentPostprocessing = 0;
		};
/* End PBXFrameworksBuildPhase section */

/* Begin PBXGroup section */
		2FD38BC1142DCA220088D660 = {
			isa = PBXGroup;
			children = (
				2FD38BD6142DCA230088D660 /* imahimatab */,
				2FD38BFE142DCA230088D660 /* imahimatabTests */,
				2FD38BCF142DCA220088D660 /* Frameworks */,
				2FD38BCD142DCA220088D660 /* Products */,
			);
			sourceTree = "<group>";
		};
		2FD38BCD142DCA220088D660 /* Products */ = {
			isa = PBXGroup;
			children = (
				2FD38BCC142DCA220088D660 /* imahimatab.app */,
				2FD38BF6142DCA230088D660 /* imahimatabTests.octest */,
			);
			name = Products;
			sourceTree = "<group>";
		};
		2FD38BCF142DCA220088D660 /* Frameworks */ = {
			isa = PBXGroup;
			children = (
				2FD38BD0142DCA220088D660 /* UIKit.framework */,
				2FD38BD2142DCA220088D660 /* Foundation.framework */,
				2FD38BD4142DCA220088D660 /* CoreGraphics.framework */,
				2FD38BF7142DCA230088D660 /* SenTestingKit.framework */,
			);
			name = Frameworks;
			sourceTree = "<group>";
		};
		2FD38BD6142DCA230088D660 /* imahimatab */ = {
			isa = PBXGroup;
			children = (
				2FD38BDF142DCA230088D660 /* imahimatabAppDelegate.h */,
				2FD38BE0142DCA230088D660 /* imahimatabAppDelegate.m */,
				2FD38BE2142DCA230088D660 /* MainWindow.xib */,
				2FD38BE5142DCA230088D660 /* FirstViewController.h */,
				2FD38BE6142DCA230088D660 /* FirstViewController.m */,
				2FD38BE8142DCA230088D660 /* SecondViewController.h */,
				2FD38BE9142DCA230088D660 /* SecondViewController.m */,
				2FD38BEB142DCA230088D660 /* FirstView.xib */,
				2FD38BEE142DCA230088D660 /* SecondView.xib */,
				2FD38BD7142DCA230088D660 /* Supporting Files */,
			);
			path = imahimatab;
			sourceTree = "<group>";
		};
		2FD38BD7142DCA230088D660 /* Supporting Files */ = {
			isa = PBXGroup;
			children = (
				2FD38BD8142DCA230088D660 /* imahimatab-Info.plist */,
				2FD38BD9142DCA230088D660 /* InfoPlist.strings */,
				2FD38BDC142DCA230088D660 /* main.m */,
				2FD38BDE142DCA230088D660 /* imahimatab-Prefix.pch */,
			);
			name = "Supporting Files";
			sourceTree = "<group>";
		};
		2FD38BFE142DCA230088D660 /* imahimatabTests */ = {
			isa = PBXGroup;
			children = (
				2FD38C04142DCA230088D660 /* imahimatabTests.h */,
				2FD38C06142DCA230088D660 /* imahimatabTests.m */,
				2FD38BFF142DCA230088D660 /* Supporting Files */,
			);
			path = imahimatabTests;
			sourceTree = "<group>";
		};
		2FD38BFF142DCA230088D660 /* Supporting Files */ = {
			isa = PBXGroup;
			children = (
				2FD38C00142DCA230088D660 /* imahimatabTests-Info.plist */,
				2FD38C01142DCA230088D660 /* InfoPlist.strings */,
			);
			name = "Supporting Files";
			sourceTree = "<group>";
		};
/* End PBXGroup section */

/* Begin PBXNativeTarget section */
		2FD38BCB142DCA220088D660 /* imahimatab */ = {
			isa = PBXNativeTarget;
			buildConfigurationList = 2FD38C0A142DCA230088D660 /* Build configuration list for PBXNativeTarget "imahimatab" */;
			buildPhases = (
				2FD38BC8142DCA220088D660 /* Sources */,
				2FD38BC9142DCA220088D660 /* Frameworks */,
				2FD38BCA142DCA220088D660 /* Resources */,
			);
			buildRules = (
			);
			dependencies = (
			);
			name = imahimatab;
			productName = imahimatab;
			productReference = 2FD38BCC142DCA220088D660 /* imahimatab.app */;
			productType = "com.apple.product-type.application";
		};
		2FD38BF5142DCA230088D660 /* imahimatabTests */ = {
			isa = PBXNativeTarget;
			buildConfigurationList = 2FD38C0D142DCA230088D660 /* Build configuration list for PBXNativeTarget "imahimatabTests" */;
			buildPhases = (
				2FD38BF1142DCA230088D660 /* Sources */,
				2FD38BF2142DCA230088D660 /* Frameworks */,
				2FD38BF3142DCA230088D660 /* Resources */,
				2FD38BF4142DCA230088D660 /* ShellScript */,
			);
			buildRules = (
			);
			dependencies = (
				2FD38BFD142DCA230088D660 /* PBXTargetDependency */,
			);
			name = imahimatabTests;
			productName = imahimatabTests;
			productReference = 2FD38BF6142DCA230088D660 /* imahimatabTests.octest */;
			productType = "com.apple.product-type.bundle";
		};
/* End PBXNativeTarget section */

/* Begin PBXProject section */
		2FD38BC3142DCA220088D660 /* Project object */ = {
			isa = PBXProject;
			buildConfigurationList = 2FD38BC6142DCA220088D660 /* Build configuration list for PBXProject "imahimatab" */;
			compatibilityVersion = "Xcode 3.2";
			developmentRegion = English;
			hasScannedForEncodings = 0;
			knownRegions = (
				en,
			);
			mainGroup = 2FD38BC1142DCA220088D660;
			productRefGroup = 2FD38BCD142DCA220088D660 /* Products */;
			projectDirPath = "";
			projectRoot = "";
			targets = (
				2FD38BCB142DCA220088D660 /* imahimatab */,
				2FD38BF5142DCA230088D660 /* imahimatabTests */,
			);
		};
/* End PBXProject section */

/* Begin PBXResourcesBuildPhase section */
		2FD38BCA142DCA220088D660 /* Resources */ = {
			isa = PBXResourcesBuildPhase;
			buildActionMask = 2147483647;
			files = (
				2FD38BDB142DCA230088D660 /* InfoPlist.strings in Resources */,
				2FD38BE4142DCA230088D660 /* MainWindow.xib in Resources */,
				2FD38BED142DCA230088D660 /* FirstView.xib in Resources */,
				2FD38BF0142DCA230088D660 /* SecondView.xib in Resources */,
			);
			runOnlyForDeploymentPostprocessing = 0;
		};
		2FD38BF3142DCA230088D660 /* Resources */ = {
			isa = PBXResourcesBuildPhase;
			buildActionMask = 2147483647;
			files = (
				2FD38C03142DCA230088D660 /* InfoPlist.strings in Resources */,
				2FD38C05142DCA230088D660 /* imahimatabTests.h in Resources */,
			);
			runOnlyForDeploymentPostprocessing = 0;
		};
/* End PBXResourcesBuildPhase section */

/* Begin PBXShellScriptBuildPhase section */
		2FD38BF4142DCA230088D660 /* ShellScript */ = {
			isa = PBXShellScriptBuildPhase;
			buildActionMask = 2147483647;
			files = (
			);
			inputPaths = (
			);
			outputPaths = (
			);
			runOnlyForDeploymentPostprocessing = 0;
			shellPath = /bin/sh;
			shellScript = "# Run the unit tests in this test bundle.\n\"${SYSTEM_DEVELOPER_DIR}/Tools/RunUnitTests\"\n";
		};
/* End PBXShellScriptBuildPhase section */

/* Begin PBXSourcesBuildPhase section */
		2FD38BC8142DCA220088D660 /* Sources */ = {
			isa = PBXSourcesBuildPhase;
			buildActionMask = 2147483647;
			files = (
				2FD38BDD142DCA230088D660 /* main.m in Sources */,
				2FD38BE1142DCA230088D660 /* imahimatabAppDelegate.m in Sources */,
				2FD38BE7142DCA230088D660 /* FirstViewController.m in Sources */,
				2FD38BEA142DCA230088D660 /* SecondViewController.m in Sources */,
			);
			runOnlyForDeploymentPostprocessing = 0;
		};
		2FD38BF1142DCA230088D660 /* Sources */ = {
			isa = PBXSourcesBuildPhase;
			buildActionMask = 2147483647;
			files = (
				2FD38C07142DCA230088D660 /* imahimatabTests.m in Sources */,
			);
			runOnlyForDeploymentPostprocessing = 0;
		};
/* End PBXSourcesBuildPhase section */

/* Begin PBXTargetDependency section */
		2FD38BFD142DCA230088D660 /* PBXTargetDependency */ = {
			isa = PBXTargetDependency;
			target = 2FD38BCB142DCA220088D660 /* imahimatab */;
			targetProxy = 2FD38BFC142DCA230088D660 /* PBXContainerItemProxy */;
		};
/* End PBXTargetDependency section */

/* Begin PBXVariantGroup section */
		2FD38BD9142DCA230088D660 /* InfoPlist.strings */ = {
			isa = PBXVariantGroup;
			children = (
				2FD38BDA142DCA230088D660 /* en */,
			);
			name = InfoPlist.strings;
			sourceTree = "<group>";
		};
		2FD38BE2142DCA230088D660 /* MainWindow.xib */ = {
			isa = PBXVariantGroup;
			children = (
				2FD38BE3142DCA230088D660 /* en */,
			);
			name = MainWindow.xib;
			sourceTree = "<group>";
		};
		2FD38BEB142DCA230088D660 /* FirstView.xib */ = {
			isa = PBXVariantGroup;
			children = (
				2FD38BEC142DCA230088D660 /* en */,
			);
			name = FirstView.xib;
			sourceTree = "<group>";
		};
		2FD38BEE142DCA230088D660 /* SecondView.xib */ = {
			isa = PBXVariantGroup;
			children = (
				2FD38BEF142DCA230088D660 /* en */,
			);
			name = SecondView.xib;
			sourceTree = "<group>";
		};
		2FD38C01142DCA230088D660 /* InfoPlist.strings */ = {
			isa = PBXVariantGroup;
			children = (
				2FD38C02142DCA230088D660 /* en */,
			);
			name = InfoPlist.strings;
			sourceTree = "<group>";
		};
/* End PBXVariantGroup section */

/* Begin XCBuildConfiguration section */
		2FD38C08142DCA230088D660 /* Debug */ = {
			isa = XCBuildConfiguration;
			buildSettings = {
				ALWAYS_SEARCH_USER_PATHS = NO;
				ARCHS = "$(ARCHS_STANDARD_32_BIT)";
				"CODE_SIGN_IDENTITY[sdk=iphoneos*]" = "iPhone Developer";
				COPY_PHASE_STRIP = NO;
				GCC_C_LANGUAGE_STANDARD = gnu99;
				GCC_DYNAMIC_NO_PIC = NO;
				GCC_OPTIMIZATION_LEVEL = 0;
				GCC_PREPROCESSOR_DEFINITIONS = (
					"DEBUG=1",
					"$(inherited)",
				);
				GCC_SYMBOLS_PRIVATE_EXTERN = NO;
				GCC_VERSION = com.apple.compilers.llvmgcc42;
				GCC_WARN_ABOUT_MISSING_PROTOTYPES = YES;
				GCC_WARN_ABOUT_RETURN_TYPE = YES;
				GCC_WARN_UNUSED_VARIABLE = YES;
				IPHONEOS_DEPLOYMENT_TARGET = 4.3;
				SDKROOT = iphoneos;
			};
			name = Debug;
		};
		2FD38C09142DCA230088D660 /* Release */ = {
			isa = XCBuildConfiguration;
			buildSettings = {
				ALWAYS_SEARCH_USER_PATHS = NO;
				ARCHS = "$(ARCHS_STANDARD_32_BIT)";
				"CODE_SIGN_IDENTITY[sdk=iphoneos*]" = "iPhone Developer";
				COPY_PHASE_STRIP = YES;
				GCC_C_LANGUAGE_STANDARD = gnu99;
				GCC_VERSION = com.apple.compilers.llvmgcc42;
				GCC_WARN_ABOUT_MISSING_PROTOTYPES = YES;
				GCC_WARN_ABOUT_RETURN_TYPE = YES;
				GCC_WARN_UNUSED_VARIABLE = YES;
				IPHONEOS_DEPLOYMENT_TARGET = 4.3;
				OTHER_CFLAGS = "-DNS_BLOCK_ASSERTIONS=1";
				SDKROOT = iphoneos;
				VALIDATE_PRODUCT = YES;
			};
			name = Release;
		};
		2FD38C0B142DCA230088D660 /* Debug */ = {
			isa = XCBuildConfiguration;
			buildSettings = {
				GCC_PRECOMPILE_PREFIX_HEADER = YES;
				GCC_PREFIX_HEADER = "imahimatab/imahimatab-Prefix.pch";
				INFOPLIST_FILE = "imahimatab/imahimatab-Info.plist";
				PRODUCT_NAME = "$(TARGET_NAME)";
				WRAPPER_EXTENSION = app;
			};
			name = Debug;
		};
		2FD38C0C142DCA230088D660 /* Release */ = {
			isa = XCBuildConfiguration;
			buildSettings = {
				GCC_PRECOMPILE_PREFIX_HEADER = YES;
				GCC_PREFIX_HEADER = "imahimatab/imahimatab-Prefix.pch";
				INFOPLIST_FILE = "imahimatab/imahimatab-Info.plist";
				PRODUCT_NAME = "$(TARGET_NAME)";
				WRAPPER_EXTENSION = app;
			};
			name = Release;
		};
		2FD38C0E142DCA230088D660 /* Debug */ = {
			isa = XCBuildConfiguration;
			buildSettings = {
				BUNDLE_LOADER = "$(BUILT_PRODUCTS_DIR)/imahimatab.app/imahimatab";
				FRAMEWORK_SEARCH_PATHS = (
					"$(SDKROOT)/Developer/Library/Frameworks",
					"$(DEVELOPER_LIBRARY_DIR)/Frameworks",
				);
				GCC_PRECOMPILE_PREFIX_HEADER = YES;
				GCC_PREFIX_HEADER = "imahimatab/imahimatab-Prefix.pch";
				INFOPLIST_FILE = "imahimatabTests/imahimatabTests-Info.plist";
				PRODUCT_NAME = "$(TARGET_NAME)";
				TEST_HOST = "$(BUNDLE_LOADER)";
				WRAPPER_EXTENSION = octest;
			};
			name = Debug;
		};
		2FD38C0F142DCA230088D660 /* Release */ = {
			isa = XCBuildConfiguration;
			buildSettings = {
				BUNDLE_LOADER = "$(BUILT_PRODUCTS_DIR)/imahimatab.app/imahimatab";
				FRAMEWORK_SEARCH_PATHS = (
					"$(SDKROOT)/Developer/Library/Frameworks",
					"$(DEVELOPER_LIBRARY_DIR)/Frameworks",
				);
				GCC_PRECOMPILE_PREFIX_HEADER = YES;
				GCC_PREFIX_HEADER = "imahimatab/imahimatab-Prefix.pch";
				INFOPLIST_FILE = "imahimatabTests/imahimatabTests-Info.plist";
				PRODUCT_NAME = "$(TARGET_NAME)";
				TEST_HOST = "$(BUNDLE_LOADER)";
				WRAPPER_EXTENSION = octest;
			};
			name = Release;
		};
/* End XCBuildConfiguration section */

/* Begin XCConfigurationList section */
		2FD38BC6142DCA220088D660 /* Build configuration list for PBXProject "imahimatab" */ = {
			isa = XCConfigurationList;
			buildConfigurations = (
				2FD38C08142DCA230088D660 /* Debug */,
				2FD38C09142DCA230088D660 /* Release */,
			);
			defaultConfigurationIsVisible = 0;
			defaultConfigurationName = Release;
		};
		2FD38C0A142DCA230088D660 /* Build configuration list for PBXNativeTarget "imahimatab" */ = {
			isa = XCConfigurationList;
			buildConfigurations = (
				2FD38C0B142DCA230088D660 /* Debug */,
				2FD38C0C142DCA230088D660 /* Release */,
			);
			defaultConfigurationIsVisible = 0;
		};
		2FD38C0D142DCA230088D660 /* Build configuration list for PBXNativeTarget "imahimatabTests" */ = {
			isa = XCConfigurationList;
			buildConfigurations = (
				2FD38C0E142DCA230088D660 /* Debug */,
				2FD38C0F142DCA230088D660 /* Release */,
			);
			defaultConfigurationIsVisible = 0;
		};
/* End XCConfigurationList section */
	};
	rootObject = 2FD38BC3142DCA220088D660 /* Project object */;
}
